PODS:
  - AFNetworking (3.0.4):
    - AFNetworking/NSURLSession (= 3.0.4)
    - AFNetworking/Reachability (= 3.0.4)
    - AFNetworking/Security (= 3.0.4)
    - AFNetworking/Serialization (= 3.0.4)
    - AFNetworking/UIKit (= 3.0.4)
  - AFNetworking/NSURLSession (3.0.4):
    - AFNetworking/Reachability
    - AFNetworking/Security
    - AFNetworking/Serialization
  - AFNetworking/Reachability (3.0.4)
  - AFNetworking/Security (3.0.4)
  - AFNetworking/Serialization (3.0.4)
  - AFNetworking/UIKit (3.0.4):
    - AFNetworking/NSURLSession
  - OCMock (3.2.2)
  - OoyalaSDK (4.12.0)

DEPENDENCIES:
  - AFNetworking
  - OCMock
  - OoyalaSDK

SPEC CHECKSUMS:
  AFNetworking: a0075feb321559dc78d9d85b55d11caa19eabb93
  OCMock: 18c9b7e67d4c2770e95bb77a9cc1ae0c91fe3835
  OoyalaSDK: 8b6028b6aa18242ce03efd7932012c837a6ba697

PODFILE CHECKSUM: 3063585fd81efcbc814c29b949e621865573f4f5

COCOAPODS: 1.0.0.beta.8
