// !$*UTF8*$!
{
	archiveVersion = 1;
	classes = {
	};
	objectVersion = 46;
	objects = {

/* Begin PBXBuildFile section */
		3BA32183CD721227C8F1D144 /* Pods_SharedDeps_InheritSearchPathsBroken.framework in Frameworks */ = {isa = PBXBuildFile; fileRef = E12B61FAF7084FF1FA62F26C /* Pods_SharedDeps_InheritSearchPathsBroken.framework */; };
		7C822181CCAC3C140772CA62 /* Pods_TestsShared_InheritSearchPathsBrokenTests.framework in Frameworks */ = {isa = PBXBuildFile; fileRef = 0039E098C4942B8A4C515DEF /* Pods_TestsShared_InheritSearchPathsBrokenTests.framework */; };
		9AD0CC85E5849BE3AA083416 /* Pods_SharedDeps_InheritSearchPathsBroken_WatchKit_1_Extension.framework in Frameworks */ = {isa = PBXBuildFile; fileRef = 58343E0660B2D61CF47E6014 /* Pods_SharedDeps_InheritSearchPathsBroken_WatchKit_1_Extension.framework */; };
		A8B8DE311C7E2DB300DD9527 /* main.m in Sources */ = {isa = PBXBuildFile; fileRef = A8B8DE301C7E2DB300DD9527 /* main.m */; };
		A8B8DE341C7E2DB300DD9527 /* AppDelegate.m in Sources */ = {isa = PBXBuildFile; fileRef = A8B8DE331C7E2DB300DD9527 /* AppDelegate.m */; };
		A8B8DE371C7E2DB300DD9527 /* ViewController.m in Sources */ = {isa = PBXBuildFile; fileRef = A8B8DE361C7E2DB300DD9527 /* ViewController.m */; };
		A8B8DE3A1C7E2DB300DD9527 /* Main.storyboard in Resources */ = {isa = PBXBuildFile; fileRef = A8B8DE381C7E2DB300DD9527 /* Main.storyboard */; };
		A8B8DE3C1C7E2DB300DD9527 /* Assets.xcassets in Resources */ = {isa = PBXBuildFile; fileRef = A8B8DE3B1C7E2DB300DD9527 /* Assets.xcassets */; };
		A8B8DE3F1C7E2DB300DD9527 /* LaunchScreen.storyboard in Resources */ = {isa = PBXBuildFile; fileRef = A8B8DE3D1C7E2DB300DD9527 /* LaunchScreen.storyboard */; };
		A8B8DE4A1C7E2DB300DD9527 /* InheritSearchPathsBrokenTests.m in Sources */ = {isa = PBXBuildFile; fileRef = A8B8DE491C7E2DB300DD9527 /* InheritSearchPathsBrokenTests.m */; };
		A8B8DE5E1C7E2EFD00DD9527 /* InterfaceController.m in Sources */ = {isa = PBXBuildFile; fileRef = A8B8DE5D1C7E2EFD00DD9527 /* InterfaceController.m */; };
		A8B8DE611C7E2EFD00DD9527 /* NotificationController.m in Sources */ = {isa = PBXBuildFile; fileRef = A8B8DE601C7E2EFD00DD9527 /* NotificationController.m */; };
		A8B8DE631C7E2EFD00DD9527 /* Assets.xcassets in Resources */ = {isa = PBXBuildFile; fileRef = A8B8DE621C7E2EFD00DD9527 /* Assets.xcassets */; };
		A8B8DE681C7E2EFD00DD9527 /* InheritSearchPathsBroken WatchKit 1 App.app in Resources */ = {isa = PBXBuildFile; fileRef = A8B8DE671C7E2EFD00DD9527 /* InheritSearchPathsBroken WatchKit 1 App.app */; };
		A8B8DE6E1C7E2EFD00DD9527 /* Interface.storyboard in Resources */ = {isa = PBXBuildFile; fileRef = A8B8DE6C1C7E2EFD00DD9527 /* Interface.storyboard */; };
		A8B8DE701C7E2EFD00DD9527 /* Assets.xcassets in Resources */ = {isa = PBXBuildFile; fileRef = A8B8DE6F1C7E2EFD00DD9527 /* Assets.xcassets */; };
		A8B8DE741C7E2EFD00DD9527 /* InheritSearchPathsBroken WatchKit 1 Extension.appex in Embed App Extensions */ = {isa = PBXBuildFile; fileRef = A8B8DE581C7E2EFD00DD9527 /* InheritSearchPathsBroken WatchKit 1 Extension.appex */; settings = {ATTRIBUTES = (RemoveHeadersOnCopy, ); }; };
/* End PBXBuildFile section */

/* Begin PBXContainerItemProxy section */
		A8B8DE461C7E2DB300DD9527 /* PBXContainerItemProxy */ = {
			isa = PBXContainerItemProxy;
			containerPortal = A8B8DE241C7E2DB300DD9527 /* Project object */;
			proxyType = 1;
			remoteGlobalIDString = A8B8DE2B1C7E2DB300DD9527;
			remoteInfo = InheritSearchPathsBroken;
		};
		A8B8DE691C7E2EFD00DD9527 /* PBXContainerItemProxy */ = {
			isa = PBXContainerItemProxy;
			containerPortal = A8B8DE241C7E2DB300DD9527 /* Project object */;
			proxyType = 1;
			remoteGlobalIDString = A8B8DE661C7E2EFD00DD9527;
			remoteInfo = "InheritSearchPathsBroken WatchKit 1 App";
		};
		A8B8DE721C7E2EFD00DD9527 /* PBXContainerItemProxy */ = {
			isa = PBXContainerItemProxy;
			containerPortal = A8B8DE241C7E2DB300DD9527 /* Project object */;
			proxyType = 1;
			remoteGlobalIDString = A8B8DE571C7E2EFD00DD9527;
			remoteInfo = "InheritSearchPathsBroken WatchKit 1 Extension";
		};
/* End PBXContainerItemProxy section */

/* Begin PBXCopyFilesBuildPhase section */
		A8B8DE7B1C7E2EFD00DD9527 /* Embed App Extensions */ = {
			isa = PBXCopyFilesBuildPhase;
			buildActionMask = 2147483647;
			dstPath = "";
			dstSubfolderSpec = 13;
			files = (
				A8B8DE741C7E2EFD00DD9527 /* InheritSearchPathsBroken WatchKit 1 Extension.appex in Embed App Extensions */,
			);
			name = "Embed App Extensions";
			runOnlyForDeploymentPostprocessing = 0;
		};
/* End PBXCopyFilesBuildPhase section */

/* Begin PBXFileReference section */
		0039E098C4942B8A4C515DEF /* Pods_TestsShared_InheritSearchPathsBrokenTests.framework */ = {isa = PBXFileReference; explicitFileType = wrapper.framework; includeInIndex = 0; path = Pods_TestsShared_InheritSearchPathsBrokenTests.framework; sourceTree = BUILT_PRODUCTS_DIR; };
		26B4C8A74B84A3D42B847FAA /* Pods-TestsShared-InheritSearchPathsBrokenTests.debug.xcconfig */ = {isa = PBXFileReference; includeInIndex = 1; lastKnownFileType = text.xcconfig; name = "Pods-TestsShared-InheritSearchPathsBrokenTests.debug.xcconfig"; path = "Pods/Target Support Files/Pods-TestsShared-InheritSearchPathsBrokenTests/Pods-TestsShared-InheritSearchPathsBrokenTests.debug.xcconfig"; sourceTree = "<group>"; };
		3981AAF5D9D1DB2CED86D3D7 /* Pods-SharedDeps-InheritSearchPathsBroken.debug.xcconfig */ = {isa = PBXFileReference; includeInIndex = 1; lastKnownFileType = text.xcconfig; name = "Pods-SharedDeps-InheritSearchPathsBroken.debug.xcconfig"; path = "Pods/Target Support Files/Pods-SharedDeps-InheritSearchPathsBroken/Pods-SharedDeps-InheritSearchPathsBroken.debug.xcconfig"; sourceTree = "<group>"; };
		58343E0660B2D61CF47E6014 /* Pods_SharedDeps_InheritSearchPathsBroken_WatchKit_1_Extension.framework */ = {isa = PBXFileReference; explicitFileType = wrapper.framework; includeInIndex = 0; path = Pods_SharedDeps_InheritSearchPathsBroken_WatchKit_1_Extension.framework; sourceTree = BUILT_PRODUCTS_DIR; };
		8613D9F39313F30EC16F2496 /* Pods-SharedDeps-InheritSearchPathsBroken WatchKit 1 Extension.release.xcconfig */ = {isa = PBXFileReference; includeInIndex = 1; lastKnownFileType = text.xcconfig; name = "Pods-SharedDeps-InheritSearchPathsBroken WatchKit 1 Extension.release.xcconfig"; path = "Pods/Target Support Files/Pods-SharedDeps-InheritSearchPathsBroken WatchKit 1 Extension/Pods-SharedDeps-InheritSearchPathsBroken WatchKit 1 Extension.release.xcconfig"; sourceTree = "<group>"; };
		A8B8DE2C1C7E2DB300DD9527 /* InheritSearchPathsBroken.app */ = {isa = PBXFileReference; explicitFileType = wrapper.application; includeInIndex = 0; path = InheritSearchPathsBroken.app; sourceTree = BUILT_PRODUCTS_DIR; };
		A8B8DE301C7E2DB300DD9527 /* main.m */ = {isa = PBXFileReference; lastKnownFileType = sourcecode.c.objc; path = main.m; sourceTree = "<group>"; };
		A8B8DE321C7E2DB300DD9527 /* AppDelegate.h */ = {isa = PBXFileReference; lastKnownFileType = sourcecode.c.h; path = AppDelegate.h; sourceTree = "<group>"; };
		A8B8DE331C7E2DB300DD9527 /* AppDelegate.m */ = {isa = PBXFileReference; lastKnownFileType = sourcecode.c.objc; path = AppDelegate.m; sourceTree = "<group>"; };
		A8B8DE351C7E2DB300DD9527 /* ViewController.h */ = {isa = PBXFileReference; lastKnownFileType = sourcecode.c.h; path = ViewController.h; sourceTree = "<group>"; };
		A8B8DE361C7E2DB300DD9527 /* ViewController.m */ = {isa = PBXFileReference; lastKnownFileType = sourcecode.c.objc; path = ViewController.m; sourceTree = "<group>"; };
		A8B8DE391C7E2DB300DD9527 /* Base */ = {isa = PBXFileReference; lastKnownFileType = file.storyboard; name = Base; path = Base.lproj/Main.storyboard; sourceTree = "<group>"; };
		A8B8DE3B1C7E2DB300DD9527 /* Assets.xcassets */ = {isa = PBXFileReference; lastKnownFileType = folder.assetcatalog; path = Assets.xcassets; sourceTree = "<group>"; };
		A8B8DE3E1C7E2DB300DD9527 /* Base */ = {isa = PBXFileReference; lastKnownFileType = file.storyboard; name = Base; path = Base.lproj/LaunchScreen.storyboard; sourceTree = "<group>"; };
		A8B8DE401C7E2DB300DD9527 /* Info.plist */ = {isa = PBXFileReference; lastKnownFileType = text.plist.xml; path = Info.plist; sourceTree = "<group>"; };
		A8B8DE451C7E2DB300DD9527 /* InheritSearchPathsBrokenTests.xctest */ = {isa = PBXFileReference; explicitFileType = wrapper.cfbundle; includeInIndex = 0; path = InheritSearchPathsBrokenTests.xctest; sourceTree = BUILT_PRODUCTS_DIR; };
		A8B8DE491C7E2DB300DD9527 /* InheritSearchPathsBrokenTests.m */ = {isa = PBXFileReference; lastKnownFileType = sourcecode.c.objc; path = InheritSearchPathsBrokenTests.m; sourceTree = "<group>"; };
		A8B8DE4B1C7E2DB300DD9527 /* Info.plist */ = {isa = PBXFileReference; lastKnownFileType = text.plist.xml; path = Info.plist; sourceTree = "<group>"; };
		A8B8DE581C7E2EFD00DD9527 /* InheritSearchPathsBroken WatchKit 1 Extension.appex */ = {isa = PBXFileReference; explicitFileType = "wrapper.app-extension"; includeInIndex = 0; path = "InheritSearchPathsBroken WatchKit 1 Extension.appex"; sourceTree = BUILT_PRODUCTS_DIR; };
		A8B8DE5B1C7E2EFD00DD9527 /* PushNotificationPayload.apns */ = {isa = PBXFileReference; lastKnownFileType = text; path = PushNotificationPayload.apns; sourceTree = "<group>"; };
		A8B8DE5C1C7E2EFD00DD9527 /* InterfaceController.h */ = {isa = PBXFileReference; lastKnownFileType = sourcecode.c.h; path = InterfaceController.h; sourceTree = "<group>"; };
		A8B8DE5D1C7E2EFD00DD9527 /* InterfaceController.m */ = {isa = PBXFileReference; lastKnownFileType = sourcecode.c.objc; path = InterfaceController.m; sourceTree = "<group>"; };
		A8B8DE5F1C7E2EFD00DD9527 /* NotificationController.h */ = {isa = PBXFileReference; lastKnownFileType = sourcecode.c.h; path = NotificationController.h; sourceTree = "<group>"; };
		A8B8DE601C7E2EFD00DD9527 /* NotificationController.m */ = {isa = PBXFileReference; lastKnownFileType = sourcecode.c.objc; path = NotificationController.m; sourceTree = "<group>"; };
		A8B8DE621C7E2EFD00DD9527 /* Assets.xcassets */ = {isa = PBXFileReference; lastKnownFileType = folder.assetcatalog; path = Assets.xcassets; sourceTree = "<group>"; };
		A8B8DE641C7E2EFD00DD9527 /* Info.plist */ = {isa = PBXFileReference; lastKnownFileType = text.plist.xml; path = Info.plist; sourceTree = "<group>"; };
		A8B8DE671C7E2EFD00DD9527 /* InheritSearchPathsBroken WatchKit 1 App.app */ = {isa = PBXFileReference; explicitFileType = wrapper.application; includeInIndex = 0; path = "InheritSearchPathsBroken WatchKit 1 App.app"; sourceTree = BUILT_PRODUCTS_DIR; };
		A8B8DE6D1C7E2EFD00DD9527 /* Base */ = {isa = PBXFileReference; lastKnownFileType = file.storyboard; name = Base; path = Base.lproj/Interface.storyboard; sourceTree = "<group>"; };
		A8B8DE6F1C7E2EFD00DD9527 /* Assets.xcassets */ = {isa = PBXFileReference; lastKnownFileType = folder.assetcatalog; path = Assets.xcassets; sourceTree = "<group>"; };
		A8B8DE711C7E2EFD00DD9527 /* Info.plist */ = {isa = PBXFileReference; lastKnownFileType = text.plist.xml; path = Info.plist; sourceTree = "<group>"; };
		AECD4CD21217F680103F378D /* Pods-SharedDeps-InheritSearchPathsBroken.release.xcconfig */ = {isa = PBXFileReference; includeInIndex = 1; lastKnownFileType = text.xcconfig; name = "Pods-SharedDeps-InheritSearchPathsBroken.release.xcconfig"; path = "Pods/Target Support Files/Pods-SharedDeps-InheritSearchPathsBroken/Pods-SharedDeps-InheritSearchPathsBroken.release.xcconfig"; sourceTree = "<group>"; };
		E12B61FAF7084FF1FA62F26C /* Pods_SharedDeps_InheritSearchPathsBroken.framework */ = {isa = PBXFileReference; explicitFileType = wrapper.framework; includeInIndex = 0; path = Pods_SharedDeps_InheritSearchPathsBroken.framework; sourceTree = BUILT_PRODUCTS_DIR; };
		EA781FD7ECB6193896F0E6A1 /* Pods-TestsShared-InheritSearchPathsBrokenTests.release.xcconfig */ = {isa = PBXFileReference; includeInIndex = 1; lastKnownFileType = text.xcconfig; name = "Pods-TestsShared-InheritSearchPathsBrokenTests.release.xcconfig"; path = "Pods/Target Support Files/Pods-TestsShared-InheritSearchPathsBrokenTests/Pods-TestsShared-InheritSearchPathsBrokenTests.release.xcconfig"; sourceTree = "<group>"; };
		FAD59A2DF64A0FDFAA2AF816 /* Pods-SharedDeps-InheritSearchPathsBroken WatchKit 1 Extension.debug.xcconfig */ = {isa = PBXFileReference; includeInIndex = 1; lastKnownFileType = text.xcconfig; name = "Pods-SharedDeps-InheritSearchPathsBroken WatchKit 1 Extension.debug.xcconfig"; path = "Pods/Target Support Files/Pods-SharedDeps-InheritSearchPathsBroken WatchKit 1 Extension/Pods-SharedDeps-InheritSearchPathsBroken WatchKit 1 Extension.debug.xcconfig"; sourceTree = "<group>"; };
/* End PBXFileReference section */

/* Begin PBXFrameworksBuildPhase section */
		24F5C301BD593AFAF5D8B1E8 /* Frameworks */ = {
			isa = PBXFrameworksBuildPhase;
			buildActionMask = 2147483647;
			files = (
			);
			runOnlyForDeploymentPostprocessing = 0;
		};
		A8B8DE291C7E2DB300DD9527 /* Frameworks */ = {
			isa = PBXFrameworksBuildPhase;
			buildActionMask = 2147483647;
			files = (
				3BA32183CD721227C8F1D144 /* Pods_SharedDeps_InheritSearchPathsBroken.framework in Frameworks */,
			);
			runOnlyForDeploymentPostprocessing = 0;
		};
		A8B8DE421C7E2DB300DD9527 /* Frameworks */ = {
			isa = PBXFrameworksBuildPhase;
			buildActionMask = 2147483647;
			files = (
				7C822181CCAC3C140772CA62 /* Pods_TestsShared_InheritSearchPathsBrokenTests.framework in Frameworks */,
			);
			runOnlyForDeploymentPostprocessing = 0;
		};
		A8B8DE551C7E2EFD00DD9527 /* Frameworks */ = {
			isa = PBXFrameworksBuildPhase;
			buildActionMask = 2147483647;
			files = (
				9AD0CC85E5849BE3AA083416 /* Pods_SharedDeps_InheritSearchPathsBroken_WatchKit_1_Extension.framework in Frameworks */,
			);
			runOnlyForDeploymentPostprocessing = 0;
		};
/* End PBXFrameworksBuildPhase section */

/* Begin PBXGroup section */
		573E6D8021F76C0B7D6B0A38 /* Pods */ = {
			isa = PBXGroup;
			children = (
				3981AAF5D9D1DB2CED86D3D7 /* Pods-SharedDeps-InheritSearchPathsBroken.debug.xcconfig */,
				AECD4CD21217F680103F378D /* Pods-SharedDeps-InheritSearchPathsBroken.release.xcconfig */,
				FAD59A2DF64A0FDFAA2AF816 /* Pods-SharedDeps-InheritSearchPathsBroken WatchKit 1 Extension.debug.xcconfig */,
				8613D9F39313F30EC16F2496 /* Pods-SharedDeps-InheritSearchPathsBroken WatchKit 1 Extension.release.xcconfig */,
				26B4C8A74B84A3D42B847FAA /* Pods-TestsShared-InheritSearchPathsBrokenTests.debug.xcconfig */,
				EA781FD7ECB6193896F0E6A1 /* Pods-TestsShared-InheritSearchPathsBrokenTests.release.xcconfig */,
			);
			name = Pods;
			sourceTree = "<group>";
		};
		A50D7C9FCA6436D23B50D278 /* Frameworks */ = {
			isa = PBXGroup;
			children = (
				E12B61FAF7084FF1FA62F26C /* Pods_SharedDeps_InheritSearchPathsBroken.framework */,
				58343E0660B2D61CF47E6014 /* Pods_SharedDeps_InheritSearchPathsBroken_WatchKit_1_Extension.framework */,
				0039E098C4942B8A4C515DEF /* Pods_TestsShared_InheritSearchPathsBrokenTests.framework */,
			);
			name = Frameworks;
			sourceTree = "<group>";
		};
		A8B8DE231C7E2DB300DD9527 = {
			isa = PBXGroup;
			children = (
				A8B8DE2E1C7E2DB300DD9527 /* InheritSearchPathsBroken */,
				A8B8DE481C7E2DB300DD9527 /* InheritSearchPathsBrokenTests */,
				A8B8DE591C7E2EFD00DD9527 /* InheritSearchPathsBroken WatchKit 1 Extension */,
				A8B8DE6B1C7E2EFD00DD9527 /* InheritSearchPathsBroken WatchKit 1 App */,
				A8B8DE2D1C7E2DB300DD9527 /* Products */,
				573E6D8021F76C0B7D6B0A38 /* Pods */,
				A50D7C9FCA6436D23B50D278 /* Frameworks */,
			);
			sourceTree = "<group>";
		};
		A8B8DE2D1C7E2DB300DD9527 /* Products */ = {
			isa = PBXGroup;
			children = (
				A8B8DE2C1C7E2DB300DD9527 /* InheritSearchPathsBroken.app */,
				A8B8DE451C7E2DB300DD9527 /* InheritSearchPathsBrokenTests.xctest */,
				A8B8DE581C7E2EFD00DD9527 /* InheritSearchPathsBroken WatchKit 1 Extension.appex */,
				A8B8DE671C7E2EFD00DD9527 /* InheritSearchPathsBroken WatchKit 1 App.app */,
			);
			name = Products;
			sourceTree = "<group>";
		};
		A8B8DE2E1C7E2DB300DD9527 /* InheritSearchPathsBroken */ = {
			isa = PBXGroup;
			children = (
				A8B8DE321C7E2DB300DD9527 /* AppDelegate.h */,
				A8B8DE331C7E2DB300DD9527 /* AppDelegate.m */,
				A8B8DE351C7E2DB300DD9527 /* ViewController.h */,
				A8B8DE361C7E2DB300DD9527 /* ViewController.m */,
				A8B8DE381C7E2DB300DD9527 /* Main.storyboard */,
				A8B8DE3B1C7E2DB300DD9527 /* Assets.xcassets */,
				A8B8DE3D1C7E2DB300DD9527 /* LaunchScreen.storyboard */,
				A8B8DE401C7E2DB300DD9527 /* Info.plist */,
				A8B8DE2F1C7E2DB300DD9527 /* Supporting Files */,
			);
			path = InheritSearchPathsBroken;
			sourceTree = "<group>";
		};
		A8B8DE2F1C7E2DB300DD9527 /* Supporting Files */ = {
			isa = PBXGroup;
			children = (
				A8B8DE301C7E2DB300DD9527 /* main.m */,
			);
			name = "Supporting Files";
			sourceTree = "<group>";
		};
		A8B8DE481C7E2DB300DD9527 /* InheritSearchPathsBrokenTests */ = {
			isa = PBXGroup;
			children = (
				A8B8DE491C7E2DB300DD9527 /* InheritSearchPathsBrokenTests.m */,
				A8B8DE4B1C7E2DB300DD9527 /* Info.plist */,
			);
			path = InheritSearchPathsBrokenTests;
			sourceTree = "<group>";
		};
		A8B8DE591C7E2EFD00DD9527 /* InheritSearchPathsBroken WatchKit 1 Extension */ = {
			isa = PBXGroup;
			children = (
				A8B8DE5C1C7E2EFD00DD9527 /* InterfaceController.h */,
				A8B8DE5D1C7E2EFD00DD9527 /* InterfaceController.m */,
				A8B8DE5F1C7E2EFD00DD9527 /* NotificationController.h */,
				A8B8DE601C7E2EFD00DD9527 /* NotificationController.m */,
				A8B8DE621C7E2EFD00DD9527 /* Assets.xcassets */,
				A8B8DE641C7E2EFD00DD9527 /* Info.plist */,
				A8B8DE5A1C7E2EFD00DD9527 /* Supporting Files */,
			);
			path = "InheritSearchPathsBroken WatchKit 1 Extension";
			sourceTree = "<group>";
		};
		A8B8DE5A1C7E2EFD00DD9527 /* Supporting Files */ = {
			isa = PBXGroup;
			children = (
				A8B8DE5B1C7E2EFD00DD9527 /* PushNotificationPayload.apns */,
			);
			name = "Supporting Files";
			sourceTree = "<group>";
		};
		A8B8DE6B1C7E2EFD00DD9527 /* InheritSearchPathsBroken WatchKit 1 App */ = {
			isa = PBXGroup;
			children = (
				A8B8DE6C1C7E2EFD00DD9527 /* Interface.storyboard */,
				A8B8DE6F1C7E2EFD00DD9527 /* Assets.xcassets */,
				A8B8DE711C7E2EFD00DD9527 /* Info.plist */,
			);
			path = "InheritSearchPathsBroken WatchKit 1 App";
			sourceTree = "<group>";
		};
/* End PBXGroup section */

/* Begin PBXNativeTarget section */
		A8B8DE2B1C7E2DB300DD9527 /* InheritSearchPathsBroken */ = {
			isa = PBXNativeTarget;
			buildConfigurationList = A8B8DE4E1C7E2DB300DD9527 /* Build configuration list for PBXNativeTarget "InheritSearchPathsBroken" */;
			buildPhases = (
				CF14817B8B8D27773FA413E7 /* 📦 Check Pods Manifest.lock */,
				A8B8DE281C7E2DB300DD9527 /* Sources */,
				A8B8DE291C7E2DB300DD9527 /* Frameworks */,
				A8B8DE2A1C7E2DB300DD9527 /* Resources */,
				A8B8DE7B1C7E2EFD00DD9527 /* Embed App Extensions */,
				3579D53086147532AF006D16 /* 📦 Embed Pods Frameworks */,
				FF28D701B0F31774451A25BE /* 📦 Copy Pods Resources */,
			);
			buildRules = (
			);
			dependencies = (
				A8B8DE731C7E2EFD00DD9527 /* PBXTargetDependency */,
			);
			name = InheritSearchPathsBroken;
			productName = InheritSearchPathsBroken;
			productReference = A8B8DE2C1C7E2DB300DD9527 /* InheritSearchPathsBroken.app */;
			productType = "com.apple.product-type.application";
		};
		A8B8DE441C7E2DB300DD9527 /* InheritSearchPathsBrokenTests */ = {
			isa = PBXNativeTarget;
			buildConfigurationList = A8B8DE511C7E2DB300DD9527 /* Build configuration list for PBXNativeTarget "InheritSearchPathsBrokenTests" */;
			buildPhases = (
				F1D097563B263CE82B004D1A /* 📦 Check Pods Manifest.lock */,
				A8B8DE411C7E2DB300DD9527 /* Sources */,
				A8B8DE421C7E2DB300DD9527 /* Frameworks */,
				A8B8DE431C7E2DB300DD9527 /* Resources */,
				3B9D2AB1CF2B1930F90A45B5 /* 📦 Embed Pods Frameworks */,
				F35AF1D1B0295D1271C774C3 /* 📦 Copy Pods Resources */,
			);
			buildRules = (
			);
			dependencies = (
				A8B8DE471C7E2DB300DD9527 /* PBXTargetDependency */,
			);
			name = InheritSearchPathsBrokenTests;
			productName = InheritSearchPathsBrokenTests;
			productReference = A8B8DE451C7E2DB300DD9527 /* InheritSearchPathsBrokenTests.xctest */;
			productType = "com.apple.product-type.bundle.unit-test";
		};
		A8B8DE571C7E2EFD00DD9527 /* InheritSearchPathsBroken WatchKit 1 Extension */ = {
			isa = PBXNativeTarget;
			buildConfigurationList = A8B8DE7A1C7E2EFD00DD9527 /* Build configuration list for PBXNativeTarget "InheritSearchPathsBroken WatchKit 1 Extension" */;
			buildPhases = (
				79B5195559850433E9D85FDD /* 📦 Check Pods Manifest.lock */,
				A8B8DE541C7E2EFD00DD9527 /* Sources */,
				A8B8DE551C7E2EFD00DD9527 /* Frameworks */,
				A8B8DE561C7E2EFD00DD9527 /* Resources */,
				7E59882810CACBE866D7D97F /* 📦 Embed Pods Frameworks */,
				1DA3E88780331C45BB2505D6 /* 📦 Copy Pods Resources */,
			);
			buildRules = (
			);
			dependencies = (
				A8B8DE6A1C7E2EFD00DD9527 /* PBXTargetDependency */,
			);
			name = "InheritSearchPathsBroken WatchKit 1 Extension";
			productName = "InheritSearchPathsBroken WatchKit 1 Extension";
			productReference = A8B8DE581C7E2EFD00DD9527 /* InheritSearchPathsBroken WatchKit 1 Extension.appex */;
			productType = "com.apple.product-type.watchkit-extension";
		};
		A8B8DE661C7E2EFD00DD9527 /* InheritSearchPathsBroken WatchKit 1 App */ = {
			isa = PBXNativeTarget;
			buildConfigurationList = A8B8DE791C7E2EFD00DD9527 /* Build configuration list for PBXNativeTarget "InheritSearchPathsBroken WatchKit 1 App" */;
			buildPhases = (
				A8B8DE651C7E2EFD00DD9527 /* Resources */,
				24F5C301BD593AFAF5D8B1E8 /* Frameworks */,
			);
			buildRules = (
			);
			dependencies = (
			);
			name = "InheritSearchPathsBroken WatchKit 1 App";
			productName = "InheritSearchPathsBroken WatchKit 1 App";
			productReference = A8B8DE671C7E2EFD00DD9527 /* InheritSearchPathsBroken WatchKit 1 App.app */;
			productType = "com.apple.product-type.application.watchapp";
		};
/* End PBXNativeTarget section */

/* Begin PBXProject section */
		A8B8DE241C7E2DB300DD9527 /* Project object */ = {
			isa = PBXProject;
			attributes = {
				LastUpgradeCheck = 0720;
				ORGANIZATIONNAME = Example;
				TargetAttributes = {
					A8B8DE2B1C7E2DB300DD9527 = {
						CreatedOnToolsVersion = 7.2.1;
					};
					A8B8DE441C7E2DB300DD9527 = {
						CreatedOnToolsVersion = 7.2.1;
						TestTargetID = A8B8DE2B1C7E2DB300DD9527;
					};
					A8B8DE571C7E2EFD00DD9527 = {
						CreatedOnToolsVersion = 7.2.1;
					};
					A8B8DE661C7E2EFD00DD9527 = {
						CreatedOnToolsVersion = 7.2.1;
					};
				};
			};
			buildConfigurationList = A8B8DE271C7E2DB300DD9527 /* Build configuration list for PBXProject "InheritSearchPathsBroken" */;
			compatibilityVersion = "Xcode 3.2";
			developmentRegion = English;
			hasScannedForEncodings = 0;
			knownRegions = (
				en,
				Base,
			);
			mainGroup = A8B8DE231C7E2DB300DD9527;
			productRefGroup = A8B8DE2D1C7E2DB300DD9527 /* Products */;
			projectDirPath = "";
			projectRoot = "";
			targets = (
				A8B8DE2B1C7E2DB300DD9527 /* InheritSearchPathsBroken */,
				A8B8DE441C7E2DB300DD9527 /* InheritSearchPathsBrokenTests */,
				A8B8DE571C7E2EFD00DD9527 /* InheritSearchPathsBroken WatchKit 1 Extension */,
				A8B8DE661C7E2EFD00DD9527 /* InheritSearchPathsBroken WatchKit 1 App */,
			);
		};
/* End PBXProject section */

/* Begin PBXResourcesBuildPhase section */
		A8B8DE2A1C7E2DB300DD9527 /* Resources */ = {
			isa = PBXResourcesBuildPhase;
			buildActionMask = 2147483647;
			files = (
				A8B8DE3F1C7E2DB300DD9527 /* LaunchScreen.storyboard in Resources */,
				A8B8DE3C1C7E2DB300DD9527 /* Assets.xcassets in Resources */,
				A8B8DE3A1C7E2DB300DD9527 /* Main.storyboard in Resources */,
			);
			runOnlyForDeploymentPostprocessing = 0;
		};
		A8B8DE431C7E2DB300DD9527 /* Resources */ = {
			isa = PBXResourcesBuildPhase;
			buildActionMask = 2147483647;
			files = (
			);
			runOnlyForDeploymentPostprocessing = 0;
		};
		A8B8DE561C7E2EFD00DD9527 /* Resources */ = {
			isa = PBXResourcesBuildPhase;
			buildActionMask = 2147483647;
			files = (
				A8B8DE631C7E2EFD00DD9527 /* Assets.xcassets in Resources */,
				A8B8DE681C7E2EFD00DD9527 /* InheritSearchPathsBroken WatchKit 1 App.app in Resources */,
			);
			runOnlyForDeploymentPostprocessing = 0;
		};
		A8B8DE651C7E2EFD00DD9527 /* Resources */ = {
			isa = PBXResourcesBuildPhase;
			buildActionMask = 2147483647;
			files = (
				A8B8DE701C7E2EFD00DD9527 /* Assets.xcassets in Resources */,
				A8B8DE6E1C7E2EFD00DD9527 /* Interface.storyboard in Resources */,
			);
			runOnlyForDeploymentPostprocessing = 0;
		};
/* End PBXResourcesBuildPhase section */

/* Begin PBXShellScriptBuildPhase section */
		1DA3E88780331C45BB2505D6 /* 📦 Copy Pods Resources */ = {
			isa = PBXShellScriptBuildPhase;
			buildActionMask = 2147483647;
			files = (
			);
			inputPaths = (
			);
			name = "📦 Copy Pods Resources";
			outputPaths = (
			);
			runOnlyForDeploymentPostprocessing = 0;
			shellPath = /bin/sh;
			shellScript = "\"${SRCROOT}/Pods/Target Support Files/Pods-SharedDeps-InheritSearchPathsBroken WatchKit 1 Extension/Pods-SharedDeps-InheritSearchPathsBroken WatchKit 1 Extension-resources.sh\"\n";
			showEnvVarsInLog = 0;
		};
		3579D53086147532AF006D16 /* 📦 Embed Pods Frameworks */ = {
			isa = PBXShellScriptBuildPhase;
			buildActionMask = 2147483647;
			files = (
			);
			inputPaths = (
			);
			name = "📦 Embed Pods Frameworks";
			outputPaths = (
			);
			runOnlyForDeploymentPostprocessing = 0;
			shellPath = /bin/sh;
			shellScript = "\"${SRCROOT}/Pods/Target Support Files/Pods-SharedDeps-InheritSearchPathsBroken/Pods-SharedDeps-InheritSearchPathsBroken-frameworks.sh\"\n";
			showEnvVarsInLog = 0;
		};
		3B9D2AB1CF2B1930F90A45B5 /* 📦 Embed Pods Frameworks */ = {
			isa = PBXShellScriptBuildPhase;
			buildActionMask = 2147483647;
			files = (
			);
			inputPaths = (
			);
			name = "📦 Embed Pods Frameworks";
			outputPaths = (
			);
			runOnlyForDeploymentPostprocessing = 0;
			shellPath = /bin/sh;
			shellScript = "\"${SRCROOT}/Pods/Target Support Files/Pods-TestsShared-InheritSearchPathsBrokenTests/Pods-TestsShared-InheritSearchPathsBrokenTests-frameworks.sh\"\n";
			showEnvVarsInLog = 0;
		};
		79B5195559850433E9D85FDD /* 📦 Check Pods Manifest.lock */ = {
			isa = PBXShellScriptBuildPhase;
			buildActionMask = 2147483647;
			files = (
			);
			inputPaths = (
			);
			name = "📦 Check Pods Manifest.lock";
			outputPaths = (
			);
			runOnlyForDeploymentPostprocessing = 0;
			shellPath = /bin/sh;
			shellScript = "diff \"${PODS_ROOT}/../Podfile.lock\" \"${PODS_ROOT}/Manifest.lock\" > /dev/null\nif [[ $? != 0 ]] ; then\n    cat << EOM\nerror: The sandbox is not in sync with the Podfile.lock. Run 'pod install' or update your CocoaPods installation.\nEOM\n    exit 1\nfi\n";
			showEnvVarsInLog = 0;
		};
		7E59882810CACBE866D7D97F /* 📦 Embed Pods Frameworks */ = {
			isa = PBXShellScriptBuildPhase;
			buildActionMask = 2147483647;
			files = (
			);
			inputPaths = (
			);
			name = "📦 Embed Pods Frameworks";
			outputPaths = (
			);
			runOnlyForDeploymentPostprocessing = 0;
			shellPath = /bin/sh;
			shellScript = "\"${SRCROOT}/Pods/Target Support Files/Pods-SharedDeps-InheritSearchPathsBroken WatchKit 1 Extension/Pods-SharedDeps-InheritSearchPathsBroken WatchKit 1 Extension-frameworks.sh\"\n";
			showEnvVarsInLog = 0;
		};
		CF14817B8B8D27773FA413E7 /* 📦 Check Pods Manifest.lock */ = {
			isa = PBXShellScriptBuildPhase;
			buildActionMask = 2147483647;
			files = (
			);
			inputPaths = (
			);
			name = "📦 Check Pods Manifest.lock";
			outputPaths = (
			);
			runOnlyForDeploymentPostprocessing = 0;
			shellPath = /bin/sh;
			shellScript = "diff \"${PODS_ROOT}/../Podfile.lock\" \"${PODS_ROOT}/Manifest.lock\" > /dev/null\nif [[ $? != 0 ]] ; then\n    cat << EOM\nerror: The sandbox is not in sync with the Podfile.lock. Run 'pod install' or update your CocoaPods installation.\nEOM\n    exit 1\nfi\n";
			showEnvVarsInLog = 0;
		};
		F1D097563B263CE82B004D1A /* 📦 Check Pods Manifest.lock */ = {
			isa = PBXShellScriptBuildPhase;
			buildActionMask = 2147483647;
			files = (
			);
			inputPaths = (
			);
			name = "📦 Check Pods Manifest.lock";
			outputPaths = (
			);
			runOnlyForDeploymentPostprocessing = 0;
			shellPath = /bin/sh;
			shellScript = "diff \"${PODS_ROOT}/../Podfile.lock\" \"${PODS_ROOT}/Manifest.lock\" > /dev/null\nif [[ $? != 0 ]] ; then\n    cat << EOM\nerror: The sandbox is not in sync with the Podfile.lock. Run 'pod install' or update your CocoaPods installation.\nEOM\n    exit 1\nfi\n";
			showEnvVarsInLog = 0;
		};
		F35AF1D1B0295D1271C774C3 /* 📦 Copy Pods Resources */ = {
			isa = PBXShellScriptBuildPhase;
			buildActionMask = 2147483647;
			files = (
			);
			inputPaths = (
			);
			name = "📦 Copy Pods Resources";
			outputPaths = (
			);
			runOnlyForDeploymentPostprocessing = 0;
			shellPath = /bin/sh;
			shellScript = "\"${SRCROOT}/Pods/Target Support Files/Pods-TestsShared-InheritSearchPathsBrokenTests/Pods-TestsShared-InheritSearchPathsBrokenTests-resources.sh\"\n";
			showEnvVarsInLog = 0;
		};
		FF28D701B0F31774451A25BE /* 📦 Copy Pods Resources */ = {
			isa = PBXShellScriptBuildPhase;
			buildActionMask = 2147483647;
			files = (
			);
			inputPaths = (
			);
			name = "📦 Copy Pods Resources";
			outputPaths = (
			);
			runOnlyForDeploymentPostprocessing = 0;
			shellPath = /bin/sh;
			shellScript = "\"${SRCROOT}/Pods/Target Support Files/Pods-SharedDeps-InheritSearchPathsBroken/Pods-SharedDeps-InheritSearchPathsBroken-resources.sh\"\n";
			showEnvVarsInLog = 0;
		};
/* End PBXShellScriptBuildPhase section */

/* Begin PBXSourcesBuildPhase section */
		A8B8DE281C7E2DB300DD9527 /* Sources */ = {
			isa = PBXSourcesBuildPhase;
			buildActionMask = 2147483647;
			files = (
				A8B8DE371C7E2DB300DD9527 /* ViewController.m in Sources */,
				A8B8DE341C7E2DB300DD9527 /* AppDelegate.m in Sources */,
				A8B8DE311C7E2DB300DD9527 /* main.m in Sources */,
			);
			runOnlyForDeploymentPostprocessing = 0;
		};
		A8B8DE411C7E2DB300DD9527 /* Sources */ = {
			isa = PBXSourcesBuildPhase;
			buildActionMask = 2147483647;
			files = (
				A8B8DE4A1C7E2DB300DD9527 /* InheritSearchPathsBrokenTests.m in Sources */,
			);
			runOnlyForDeploymentPostprocessing = 0;
		};
		A8B8DE541C7E2EFD00DD9527 /* Sources */ = {
			isa = PBXSourcesBuildPhase;
			buildActionMask = 2147483647;
			files = (
				A8B8DE611C7E2EFD00DD9527 /* NotificationController.m in Sources */,
				A8B8DE5E1C7E2EFD00DD9527 /* InterfaceController.m in Sources */,
			);
			runOnlyForDeploymentPostprocessing = 0;
		};
/* End PBXSourcesBuildPhase section */

/* Begin PBXTargetDependency section */
		A8B8DE471C7E2DB300DD9527 /* PBXTargetDependency */ = {
			isa = PBXTargetDependency;
			target = A8B8DE2B1C7E2DB300DD9527 /* InheritSearchPathsBroken */;
			targetProxy = A8B8DE461C7E2DB300DD9527 /* PBXContainerItemProxy */;
		};
		A8B8DE6A1C7E2EFD00DD9527 /* PBXTargetDependency */ = {
			isa = PBXTargetDependency;
			target = A8B8DE661C7E2EFD00DD9527 /* InheritSearchPathsBroken WatchKit 1 App */;
			targetProxy = A8B8DE691C7E2EFD00DD9527 /* PBXContainerItemProxy */;
		};
		A8B8DE731C7E2EFD00DD9527 /* PBXTargetDependency */ = {
			isa = PBXTargetDependency;
			target = A8B8DE571C7E2EFD00DD9527 /* InheritSearchPathsBroken WatchKit 1 Extension */;
			targetProxy = A8B8DE721C7E2EFD00DD9527 /* PBXContainerItemProxy */;
		};
/* End PBXTargetDependency section */

/* Begin PBXVariantGroup section */
		A8B8DE381C7E2DB300DD9527 /* Main.storyboard */ = {
			isa = PBXVariantGroup;
			children = (
				A8B8DE391C7E2DB300DD9527 /* Base */,
			);
			name = Main.storyboard;
			sourceTree = "<group>";
		};
		A8B8DE3D1C7E2DB300DD9527 /* LaunchScreen.storyboard */ = {
			isa = PBXVariantGroup;
			children = (
				A8B8DE3E1C7E2DB300DD9527 /* Base */,
			);
			name = LaunchScreen.storyboard;
			sourceTree = "<group>";
		};
		A8B8DE6C1C7E2EFD00DD9527 /* Interface.storyboard */ = {
			isa = PBXVariantGroup;
			children = (
				A8B8DE6D1C7E2EFD00DD9527 /* Base */,
			);
			name = Interface.storyboard;
			sourceTree = "<group>";
		};
/* End PBXVariantGroup section */

/* Begin XCBuildConfiguration section */
		A8B8DE4C1C7E2DB300DD9527 /* Debug */ = {
			isa = XCBuildConfiguration;
			buildSettings = {
				ALWAYS_SEARCH_USER_PATHS = NO;
				CLANG_CXX_LANGUAGE_STANDARD = "gnu++0x";
				CLANG_CXX_LIBRARY = "libc++";
				CLANG_ENABLE_MODULES = YES;
				CLANG_ENABLE_OBJC_ARC = YES;
				CLANG_WARN_BOOL_CONVERSION = YES;
				CLANG_WARN_CONSTANT_CONVERSION = YES;
				CLANG_WARN_DIRECT_OBJC_ISA_USAGE = YES_ERROR;
				CLANG_WARN_EMPTY_BODY = YES;
				CLANG_WARN_ENUM_CONVERSION = YES;
				CLANG_WARN_INT_CONVERSION = YES;
				CLANG_WARN_OBJC_ROOT_CLASS = YES_ERROR;
				CLANG_WARN_UNREACHABLE_CODE = YES;
				CLANG_WARN__DUPLICATE_METHOD_MATCH = YES;
				"CODE_SIGN_IDENTITY[sdk=iphoneos*]" = "iPhone Developer";
				COPY_PHASE_STRIP = NO;
				DEBUG_INFORMATION_FORMAT = dwarf;
				ENABLE_STRICT_OBJC_MSGSEND = YES;
				ENABLE_TESTABILITY = YES;
				GCC_C_LANGUAGE_STANDARD = gnu99;
				GCC_DYNAMIC_NO_PIC = NO;
				GCC_NO_COMMON_BLOCKS = YES;
				GCC_OPTIMIZATION_LEVEL = 0;
				GCC_PREPROCESSOR_DEFINITIONS = (
					"DEBUG=1",
					"$(inherited)",
				);
				GCC_WARN_64_TO_32_BIT_CONVERSION = YES;
				GCC_WARN_ABOUT_RETURN_TYPE = YES_ERROR;
				GCC_WARN_UNDECLARED_SELECTOR = YES;
				GCC_WARN_UNINITIALIZED_AUTOS = YES_AGGRESSIVE;
				GCC_WARN_UNUSED_FUNCTION = YES;
				GCC_WARN_UNUSED_VARIABLE = YES;
				IPHONEOS_DEPLOYMENT_TARGET = 9.2;
				MTL_ENABLE_DEBUG_INFO = YES;
				ONLY_ACTIVE_ARCH = YES;
				SDKROOT = iphoneos;
				TARGETED_DEVICE_FAMILY = "1,2";
			};
			name = Debug;
		};
		A8B8DE4D1C7E2DB300DD9527 /* Release */ = {
			isa = XCBuildConfiguration;
			buildSettings = {
				ALWAYS_SEARCH_USER_PATHS = NO;
				CLANG_CXX_LANGUAGE_STANDARD = "gnu++0x";
				CLANG_CXX_LIBRARY = "libc++";
				CLANG_ENABLE_MODULES = YES;
				CLANG_ENABLE_OBJC_ARC = YES;
				CLANG_WARN_BOOL_CONVERSION = YES;
				CLANG_WARN_CONSTANT_CONVERSION = YES;
				CLANG_WARN_DIRECT_OBJC_ISA_USAGE = YES_ERROR;
				CLANG_WARN_EMPTY_BODY = YES;
				CLANG_WARN_ENUM_CONVERSION = YES;
				CLANG_WARN_INT_CONVERSION = YES;
				CLANG_WARN_OBJC_ROOT_CLASS = YES_ERROR;
				CLANG_WARN_UNREACHABLE_CODE = YES;
				CLANG_WARN__DUPLICATE_METHOD_MATCH = YES;
				"CODE_SIGN_IDENTITY[sdk=iphoneos*]" = "iPhone Developer";
				COPY_PHASE_STRIP = NO;
				DEBUG_INFORMATION_FORMAT = "dwarf-with-dsym";
				ENABLE_NS_ASSERTIONS = NO;
				ENABLE_STRICT_OBJC_MSGSEND = YES;
				GCC_C_LANGUAGE_STANDARD = gnu99;
				GCC_NO_COMMON_BLOCKS = YES;
				GCC_WARN_64_TO_32_BIT_CONVERSION = YES;
				GCC_WARN_ABOUT_RETURN_TYPE = YES_ERROR;
				GCC_WARN_UNDECLARED_SELECTOR = YES;
				GCC_WARN_UNINITIALIZED_AUTOS = YES_AGGRESSIVE;
				GCC_WARN_UNUSED_FUNCTION = YES;
				GCC_WARN_UNUSED_VARIABLE = YES;
				IPHONEOS_DEPLOYMENT_TARGET = 9.2;
				MTL_ENABLE_DEBUG_INFO = NO;
				SDKROOT = iphoneos;
				TARGETED_DEVICE_FAMILY = "1,2";
				VALIDATE_PRODUCT = YES;
			};
			name = Release;
		};
		A8B8DE4F1C7E2DB300DD9527 /* Debug */ = {
			isa = XCBuildConfiguration;
			baseConfigurationReference = 3981AAF5D9D1DB2CED86D3D7 /* Pods-SharedDeps-InheritSearchPathsBroken.debug.xcconfig */;
			buildSettings = {
				ASSETCATALOG_COMPILER_APPICON_NAME = AppIcon;
				INFOPLIST_FILE = InheritSearchPathsBroken/Info.plist;
				LD_RUNPATH_SEARCH_PATHS = "$(inherited) @executable_path/Frameworks";
				PRODUCT_BUNDLE_IDENTIFIER = com.example.InheritSearchPathsBroken;
				PRODUCT_NAME = "$(TARGET_NAME)";
			};
			name = Debug;
		};
		A8B8DE501C7E2DB300DD9527 /* Release */ = {
			isa = XCBuildConfiguration;
			baseConfigurationReference = AECD4CD21217F680103F378D /* Pods-SharedDeps-InheritSearchPathsBroken.release.xcconfig */;
			buildSettings = {
				ASSETCATALOG_COMPILER_APPICON_NAME = AppIcon;
				INFOPLIST_FILE = InheritSearchPathsBroken/Info.plist;
				LD_RUNPATH_SEARCH_PATHS = "$(inherited) @executable_path/Frameworks";
				PRODUCT_BUNDLE_IDENTIFIER = com.example.InheritSearchPathsBroken;
				PRODUCT_NAME = "$(TARGET_NAME)";
			};
			name = Release;
		};
		A8B8DE521C7E2DB300DD9527 /* Debug */ = {
			isa = XCBuildConfiguration;
			baseConfigurationReference = 26B4C8A74B84A3D42B847FAA /* Pods-TestsShared-InheritSearchPathsBrokenTests.debug.xcconfig */;
			buildSettings = {
				BUNDLE_LOADER = "$(TEST_HOST)";
				INFOPLIST_FILE = InheritSearchPathsBrokenTests/Info.plist;
				LD_RUNPATH_SEARCH_PATHS = "$(inherited) @executable_path/Frameworks @loader_path/Frameworks";
				PRODUCT_BUNDLE_IDENTIFIER = com.example.InheritSearchPathsBrokenTests;
				PRODUCT_NAME = "$(TARGET_NAME)";
				TEST_HOST = "$(BUILT_PRODUCTS_DIR)/InheritSearchPathsBroken.app/InheritSearchPathsBroken";
			};
			name = Debug;
		};
		A8B8DE531C7E2DB300DD9527 /* Release */ = {
			isa = XCBuildConfiguration;
			baseConfigurationReference = EA781FD7ECB6193896F0E6A1 /* Pods-TestsShared-InheritSearchPathsBrokenTests.release.xcconfig */;
			buildSettings = {
				BUNDLE_LOADER = "$(TEST_HOST)";
				INFOPLIST_FILE = InheritSearchPathsBrokenTests/Info.plist;
				LD_RUNPATH_SEARCH_PATHS = "$(inherited) @executable_path/Frameworks @loader_path/Frameworks";
				PRODUCT_BUNDLE_IDENTIFIER = com.example.InheritSearchPathsBrokenTests;
				PRODUCT_NAME = "$(TARGET_NAME)";
				TEST_HOST = "$(BUILT_PRODUCTS_DIR)/InheritSearchPathsBroken.app/InheritSearchPathsBroken";
			};
			name = Release;
		};
		A8B8DE751C7E2EFD00DD9527 /* Debug */ = {
			isa = XCBuildConfiguration;
			baseConfigurationReference = FAD59A2DF64A0FDFAA2AF816 /* Pods-SharedDeps-InheritSearchPathsBroken WatchKit 1 Extension.debug.xcconfig */;
			buildSettings = {
				INFOPLIST_FILE = "InheritSearchPathsBroken WatchKit 1 Extension/Info.plist";
				LD_RUNPATH_SEARCH_PATHS = "$(inherited) @executable_path/Frameworks @executable_path/../../Frameworks";
				PRODUCT_BUNDLE_IDENTIFIER = com.example.InheritSearchPathsBroken.watchkitextension;
				PRODUCT_NAME = "${TARGET_NAME}";
				SKIP_INSTALL = YES;
			};
			name = Debug;
		};
		A8B8DE761C7E2EFD00DD9527 /* Release */ = {
			isa = XCBuildConfiguration;
			baseConfigurationReference = 8613D9F39313F30EC16F2496 /* Pods-SharedDeps-InheritSearchPathsBroken WatchKit 1 Extension.release.xcconfig */;
			buildSettings = {
				INFOPLIST_FILE = "InheritSearchPathsBroken WatchKit 1 Extension/Info.plist";
				LD_RUNPATH_SEARCH_PATHS = "$(inherited) @executable_path/Frameworks @executable_path/../../Frameworks";
				PRODUCT_BUNDLE_IDENTIFIER = com.example.InheritSearchPathsBroken.watchkitextension;
				PRODUCT_NAME = "${TARGET_NAME}";
				SKIP_INSTALL = YES;
			};
			name = Release;
		};
		A8B8DE771C7E2EFD00DD9527 /* Debug */ = {
			isa = XCBuildConfiguration;
			buildSettings = {
				ASSETCATALOG_COMPILER_APPICON_NAME = AppIcon;
				IBSC_MODULE = InheritSearchPathsBroken_WatchKit_1_Extension;
				INFOPLIST_FILE = "InheritSearchPathsBroken WatchKit 1 App/Info.plist";
				IPHONEOS_DEPLOYMENT_TARGET = 8.2;
				PRODUCT_BUNDLE_IDENTIFIER = com.example.InheritSearchPathsBroken.watchkitapp;
				PRODUCT_NAME = "$(TARGET_NAME)";
				SKIP_INSTALL = YES;
				TARGETED_DEVICE_FAMILY = 4;
				"TARGETED_DEVICE_FAMILY[sdk=iphonesimulator*]" = "1,4";
			};
			name = Debug;
		};
		A8B8DE781C7E2EFD00DD9527 /* Release */ = {
			isa = XCBuildConfiguration;
			buildSettings = {
				ASSETCATALOG_COMPILER_APPICON_NAME = AppIcon;
				IBSC_MODULE = InheritSearchPathsBroken_WatchKit_1_Extension;
				INFOPLIST_FILE = "InheritSearchPathsBroken WatchKit 1 App/Info.plist";
				IPHONEOS_DEPLOYMENT_TARGET = 8.2;
				PRODUCT_BUNDLE_IDENTIFIER = com.example.InheritSearchPathsBroken.watchkitapp;
				PRODUCT_NAME = "$(TARGET_NAME)";
				SKIP_INSTALL = YES;
				TARGETED_DEVICE_FAMILY = 4;
				"TARGETED_DEVICE_FAMILY[sdk=iphonesimulator*]" = "1,4";
			};
			name = Release;
		};
/* End XCBuildConfiguration section */

/* Begin XCConfigurationList section */
		A8B8DE271C7E2DB300DD9527 /* Build configuration list for PBXProject "InheritSearchPathsBroken" */ = {
			isa = XCConfigurationList;
			buildConfigurations = (
				A8B8DE4C1C7E2DB300DD9527 /* Debug */,
				A8B8DE4D1C7E2DB300DD9527 /* Release */,
			);
			defaultConfigurationIsVisible = 0;
			defaultConfigurationName = Release;
		};
		A8B8DE4E1C7E2DB300DD9527 /* Build configuration list for PBXNativeTarget "InheritSearchPathsBroken" */ = {
			isa = XCConfigurationList;
			buildConfigurations = (
				A8B8DE4F1C7E2DB300DD9527 /* Debug */,
				A8B8DE501C7E2DB300DD9527 /* Release */,
			);
			defaultConfigurationIsVisible = 0;
			defaultConfigurationName = Release;
		};
		A8B8DE511C7E2DB300DD9527 /* Build configuration list for PBXNativeTarget "InheritSearchPathsBrokenTests" */ = {
			isa = XCConfigurationList;
			buildConfigurations = (
				A8B8DE521C7E2DB300DD9527 /* Debug */,
				A8B8DE531C7E2DB300DD9527 /* Release */,
			);
			defaultConfigurationIsVisible = 0;
			defaultConfigurationName = Release;
		};
		A8B8DE791C7E2EFD00DD9527 /* Build configuration list for PBXNativeTarget "InheritSearchPathsBroken WatchKit 1 App" */ = {
			isa = XCConfigurationList;
			buildConfigurations = (
				A8B8DE771C7E2EFD00DD9527 /* Debug */,
				A8B8DE781C7E2EFD00DD9527 /* Release */,
			);
			defaultConfigurationIsVisible = 0;
			defaultConfigurationName = Release;
		};
		A8B8DE7A1C7E2EFD00DD9527 /* Build configuration list for PBXNativeTarget "InheritSearchPathsBroken WatchKit 1 Extension" */ = {
			isa = XCConfigurationList;
			buildConfigurations = (
				A8B8DE751C7E2EFD00DD9527 /* Debug */,
				A8B8DE761C7E2EFD00DD9527 /* Release */,
			);
			defaultConfigurationIsVisible = 0;
			defaultConfigurationName = Release;
		};
/* End XCConfigurationList section */
	};
	rootObject = A8B8DE241C7E2DB300DD9527 /* Project object */;
}
